
Microsoft Visual Studio Solution File, Format Version 12.00
# Visual Studio Version 16
VisualStudioVersion = 16.0.33927.289
MinimumVisualStudioVersion = 10.0.40219.1
Project("{2150E333-8FDC-42A3-9474-1A3956D46DE8}") = "Task0", "Task0", "{11E6E28F-7CDF-4F66-BB23-490B49CAB436}"
EndProject
Project("{FAE04EC0-301F-11D3-BF4B-00C04F79EFBC}") = "Tyuiu.KoptyaevRS.Sprint6.Task0.V3.Lib", "Tyuiu.KoptyaevRS.Sprint6.Task0.V3.Lib\Tyuiu.KoptyaevRS.Sprint6.Task0.V3.Lib.csproj", "{B857329C-17DB-4AB0-B2F5-FF10B36E5942}"
EndProject
Project("{FAE04EC0-301F-11D3-BF4B-00C04F79EFBC}") = "Tyuiu.KoptyaevRS.Sprint6.Task0.V3.Test", "Tyuiu.KoptyaevRS.Sprint6.Task0.V3.Test\Tyuiu.KoptyaevRS.Sprint6.Task0.V3.Test.csproj", "{F2EE4678-5312-4FB2-938C-99C227B57E7C}"
EndProject
Project("{FAE04EC0-301F-11D3-BF4B-00C04F79EFBC}") = "Tyuiu.KoptyaevRS.Sprint6.Task0.V3", "Tyuiu.KoptyaevRS.Sprint6.Task0.V3\Tyuiu.KoptyaevRS.Sprint6.Task0.V3.csproj", "{00A624D5-87FE-434C-9A34-464FE4FAA1AD}"
EndProject
Project("{2150E333-8FDC-42A3-9474-1A3956D46DE8}") = "Task1", "Task1", "{BB598C6F-3A7C-4A31-936E-28B912B753B4}"
EndProject
Project("{FAE04EC0-301F-11D3-BF4B-00C04F79EFBC}") = "Tyuiu.KoptyaevRS.Sprint6.Task1.V13.Lib", "Tyuiu.KoptyaevRS.Sprint6.Task1.V13.Lib\Tyuiu.KoptyaevRS.Sprint6.Task1.V13.Lib.csproj", "{0110276E-A048-42B6-86BF-B0440625FBF9}"
EndProject
Project("{FAE04EC0-301F-11D3-BF4B-00C04F79EFBC}") = "Tyuiu.KoptyaevRS.Sprint6.Task1.V13.Test", "Tyuiu.KoptyaevRS.Sprint6.Task1.V13.Test\Tyuiu.KoptyaevRS.Sprint6.Task1.V13.Test.csproj", "{37403C4D-8EA3-45C3-862E-2F9ECF907934}"
EndProject
Project("{FAE04EC0-301F-11D3-BF4B-00C04F79EFBC}") = "Tyuiu.KoptyaevRS.Sprint6.Task1.V13", "Tyuiu.KoptyaevRS.Sprint6.Task1.V13\Tyuiu.KoptyaevRS.Sprint6.Task1.V13.csproj", "{4D579CAA-9DF0-4B6D-8BD0-60A49B2B53D5}"
EndProject
Project("{2150E333-8FDC-42A3-9474-1A3956D46DE8}") = "Task2", "Task2", "{72AC39C8-61F2-403A-95C6-541DFD68487B}"
EndProject
Project("{FAE04EC0-301F-11D3-BF4B-00C04F79EFBC}") = "Tyuiu.KoptyaevRS.Sprint6.Task2.V2.Lib", "Tyuiu.KoptyaevRS.Sprint6.Task2.V2.Lib\Tyuiu.KoptyaevRS.Sprint6.Task2.V2.Lib.csproj", "{D74DBF97-430A-4310-9FF3-BDEAF4C242BE}"
EndProject
Project("{FAE04EC0-301F-11D3-BF4B-00C04F79EFBC}") = "Tyuiu.KoptyaevRS.Sprint6.Task2.V2.Test", "Tyuiu.KoptyaevRS.Sprint6.Task2.V2.Test\Tyuiu.KoptyaevRS.Sprint6.Task2.V2.Test.csproj", "{47C3B024-9F72-44BE-8160-87FDF29DB3B2}"
EndProject
Project("{FAE04EC0-301F-11D3-BF4B-00C04F79EFBC}") = "Tyuiu.KoptyaevRS.Sprint6.Task2.V2", "Tyuiu.KoptyaevRS.Sprint6.Task2.V2\Tyuiu.KoptyaevRS.Sprint6.Task2.V2.csproj", "{25713562-1617-4EDA-963D-B28073B19D77}"
EndProject
Global
	GlobalSection(SolutionConfigurationPlatforms) = preSolution
		Debug|Any CPU = Debug|Any CPU
		Release|Any CPU = Release|Any CPU
	EndGlobalSection
	GlobalSection(ProjectConfigurationPlatforms) = postSolution
		{B857329C-17DB-4AB0-B2F5-FF10B36E5942}.Debug|Any CPU.ActiveCfg = Debug|Any CPU
		{B857329C-17DB-4AB0-B2F5-FF10B36E5942}.Debug|Any CPU.Build.0 = Debug|Any CPU
		{B857329C-17DB-4AB0-B2F5-FF10B36E5942}.Release|Any CPU.ActiveCfg = Release|Any CPU
		{B857329C-17DB-4AB0-B2F5-FF10B36E5942}.Release|Any CPU.Build.0 = Release|Any CPU
		{F2EE4678-5312-4FB2-938C-99C227B57E7C}.Debug|Any CPU.ActiveCfg = Debug|Any CPU
		{F2EE4678-5312-4FB2-938C-99C227B57E7C}.Debug|Any CPU.Build.0 = Debug|Any CPU
		{F2EE4678-5312-4FB2-938C-99C227B57E7C}.Release|Any CPU.ActiveCfg = Release|Any CPU
		{F2EE4678-5312-4FB2-938C-99C227B57E7C}.Release|Any CPU.Build.0 = Release|Any CPU
		{00A624D5-87FE-434C-9A34-464FE4FAA1AD}.Debug|Any CPU.ActiveCfg = Debug|Any CPU
		{00A624D5-87FE-434C-9A34-464FE4FAA1AD}.Debug|Any CPU.Build.0 = Debug|Any CPU
		{00A624D5-87FE-434C-9A34-464FE4FAA1AD}.Release|Any CPU.ActiveCfg = Release|Any CPU
		{00A624D5-87FE-434C-9A34-464FE4FAA1AD}.Release|Any CPU.Build.0 = Release|Any CPU
		{0110276E-A048-42B6-86BF-B0440625FBF9}.Debug|Any CPU.ActiveCfg = Debug|Any CPU
		{0110276E-A048-42B6-86BF-B0440625FBF9}.Debug|Any CPU.Build.0 = Debug|Any CPU
		{0110276E-A048-42B6-86BF-B0440625FBF9}.Release|Any CPU.ActiveCfg = Release|Any CPU
		{0110276E-A048-42B6-86BF-B0440625FBF9}.Release|Any CPU.Build.0 = Release|Any CPU
		{37403C4D-8EA3-45C3-862E-2F9ECF907934}.Debug|Any CPU.ActiveCfg = Debug|Any CPU
		{37403C4D-8EA3-45C3-862E-2F9ECF907934}.Debug|Any CPU.Build.0 = Debug|Any CPU
		{37403C4D-8EA3-45C3-862E-2F9ECF907934}.Release|Any CPU.ActiveCfg = Release|Any CPU
		{37403C4D-8EA3-45C3-862E-2F9ECF907934}.Release|Any CPU.Build.0 = Release|Any CPU
		{4D579CAA-9DF0-4B6D-8BD0-60A49B2B53D5}.Debug|Any CPU.ActiveCfg = Debug|Any CPU
		{4D579CAA-9DF0-4B6D-8BD0-60A49B2B53D5}.Debug|Any CPU.Build.0 = Debug|Any CPU
		{4D579CAA-9DF0-4B6D-8BD0-60A49B2B53D5}.Release|Any CPU.ActiveCfg = Release|Any CPU
		{4D579CAA-9DF0-4B6D-8BD0-60A49B2B53D5}.Release|Any CPU.Build.0 = Release|Any CPU
		{D74DBF97-430A-4310-9FF3-BDEAF4C242BE}.Debug|Any CPU.ActiveCfg = Debug|Any CPU
		{D74DBF97-430A-4310-9FF3-BDEAF4C242BE}.Debug|Any CPU.Build.0 = Debug|Any CPU
		{D74DBF97-430A-4310-9FF3-BDEAF4C242BE}.Release|Any CPU.ActiveCfg = Release|Any CPU
		{D74DBF97-430A-4310-9FF3-BDEAF4C242BE}.Release|Any CPU.Build.0 = Release|Any CPU
		{47C3B024-9F72-44BE-8160-87FDF29DB3B2}.Debug|Any CPU.ActiveCfg = Debug|Any CPU
		{47C3B024-9F72-44BE-8160-87FDF29DB3B2}.Debug|Any CPU.Build.0 = Debug|Any CPU
		{47C3B024-9F72-44BE-8160-87FDF29DB3B2}.Release|Any CPU.ActiveCfg = Release|Any CPU
		{47C3B024-9F72-44BE-8160-87FDF29DB3B2}.Release|Any CPU.Build.0 = Release|Any CPU
		{25713562-1617-4EDA-963D-B28073B19D77}.Debug|Any CPU.ActiveCfg = Debug|Any CPU
		{25713562-1617-4EDA-963D-B28073B19D77}.Debug|Any CPU.Build.0 = Debug|Any CPU
		{25713562-1617-4EDA-963D-B28073B19D77}.Release|Any CPU.ActiveCfg = Release|Any CPU
		{25713562-1617-4EDA-963D-B28073B19D77}.Release|Any CPU.Build.0 = Release|Any CPU
	EndGlobalSection
	GlobalSection(SolutionProperties) = preSolution
		HideSolutionNode = FALSE
	EndGlobalSection
	GlobalSection(NestedProjects) = preSolution
		{B857329C-17DB-4AB0-B2F5-FF10B36E5942} = {11E6E28F-7CDF-4F66-BB23-490B49CAB436}
		{F2EE4678-5312-4FB2-938C-99C227B57E7C} = {11E6E28F-7CDF-4F66-BB23-490B49CAB436}
		{00A624D5-87FE-434C-9A34-464FE4FAA1AD} = {11E6E28F-7CDF-4F66-BB23-490B49CAB436}
		{0110276E-A048-42B6-86BF-B0440625FBF9} = {BB598C6F-3A7C-4A31-936E-28B912B753B4}
		{37403C4D-8EA3-45C3-862E-2F9ECF907934} = {BB598C6F-3A7C-4A31-936E-28B912B753B4}
		{4D579CAA-9DF0-4B6D-8BD0-60A49B2B53D5} = {BB598C6F-3A7C-4A31-936E-28B912B753B4}
		{D74DBF97-430A-4310-9FF3-BDEAF4C242BE} = {72AC39C8-61F2-403A-95C6-541DFD68487B}
		{47C3B024-9F72-44BE-8160-87FDF29DB3B2} = {72AC39C8-61F2-403A-95C6-541DFD68487B}
		{25713562-1617-4EDA-963D-B28073B19D77} = {72AC39C8-61F2-403A-95C6-541DFD68487B}
	EndGlobalSection
	GlobalSection(ExtensibilityGlobals) = postSolution
		SolutionGuid = {9CD35ED2-82B8-466F-9282-F19E84A1E0AF}
	EndGlobalSection
EndGlobal
